
Microsoft Visual Studio Solution File, Format Version 12.00
# Visual Studio Version 17
VisualStudioVersion = 17.6.33723.286
MinimumVisualStudioVersion = 10.0.40219.1
Project("{FAE04EC0-301F-11D3-BF4B-00C04F79EFBC}") = "Lab1_1", "Lab1_1\Lab1_1.csproj", "{0954D03E-FDDB-4BBD-8DC3-E900973D4FF9}"
EndProject
Global
	GlobalSection(SolutionConfigurationPlatforms) = preSolution
		Debug|Any CPU = Debug|Any CPU
		Release|Any CPU = Release|Any CPU
	EndGlobalSection
	GlobalSection(ProjectConfigurationPlatforms) = postSolution
		{0954D03E-FDDB-4BBD-8DC3-E900973D4FF9}.Debug|Any CPU.ActiveCfg = Debug|Any CPU
		{0954D03E-FDDB-4BBD-8DC3-E900973D4FF9}.Debug|Any CPU.Build.0 = Debug|Any CPU
		{0954D03E-FDDB-4BBD-8DC3-E900973D4FF9}.Release|Any CPU.ActiveCfg = Release|Any CPU
		{0954D03E-FDDB-4BBD-8DC3-E900973D4FF9}.Release|Any CPU.Build.0 = Release|Any CPU
	EndGlobalSection
	GlobalSection(SolutionProperties) = preSolution
		HideSolutionNode = FALSE
	EndGlobalSection
	GlobalSection(ExtensibilityGlobals) = postSolution
		SolutionGuid = {FED3EEB8-C0CA-4407-84F7-DF58E303E4E5}
	EndGlobalSection
EndGlobal
